// !$*UTF8*$!
{
	archiveVersion = 1;
	classes = {
	};
	objectVersion = 50;
	objects = {

/* Begin PBXBuildFile section */
		A78B961321D5233D0078D1C9 /* AppDelegate.swift in Sources */ = {isa = PBXBuildFile; fileRef = A78B961221D5233D0078D1C9 /* AppDelegate.swift */; };
		A78B961A21D5233E0078D1C9 /* Assets.xcassets in Resources */ = {isa = PBXBuildFile; fileRef = A78B961921D5233E0078D1C9 /* Assets.xcassets */; };
		A78B961D21D5233E0078D1C9 /* LaunchScreen.storyboard in Resources */ = {isa = PBXBuildFile; fileRef = A78B961B21D5233E0078D1C9 /* LaunchScreen.storyboard */; };
		A78B963321D5233E0078D1C9 /* TerritorialUITests.swift in Sources */ = {isa = PBXBuildFile; fileRef = A78B963221D5233E0078D1C9 /* TerritorialUITests.swift */; };
		A78B964821D5352D0078D1C9 /* CoordinatorViewController.swift in Sources */ = {isa = PBXBuildFile; fileRef = A78B964621D5352D0078D1C9 /* CoordinatorViewController.swift */; };
		A78B964B21D537530078D1C9 /* GeofenceManager.swift in Sources */ = {isa = PBXBuildFile; fileRef = A78B964A21D537530078D1C9 /* GeofenceManager.swift */; };
		A78B964E21D538870078D1C9 /* CoreLocationGeofenceManager.swift in Sources */ = {isa = PBXBuildFile; fileRef = A78B964D21D538870078D1C9 /* CoreLocationGeofenceManager.swift */; };
		A78B965121D53DCB0078D1C9 /* LocationAuthorizationRequestViewController.swift in Sources */ = {isa = PBXBuildFile; fileRef = A78B964F21D53DCB0078D1C9 /* LocationAuthorizationRequestViewController.swift */; };
		A78B965821D53F180078D1C9 /* TrackGeofenceViewController.swift in Sources */ = {isa = PBXBuildFile; fileRef = A78B965721D53F180078D1C9 /* TrackGeofenceViewController.swift */; };
		A78B965A21D553920078D1C9 /* CoordinatorTests.swift in Sources */ = {isa = PBXBuildFile; fileRef = A78B965921D553920078D1C9 /* CoordinatorTests.swift */; };
		A78B965C21D553CA0078D1C9 /* MockGeofenceManager.swift in Sources */ = {isa = PBXBuildFile; fileRef = A78B965B21D553CA0078D1C9 /* MockGeofenceManager.swift */; };
		A78B965E21D556390078D1C9 /* LocationRestrictedInfoViewController.swift in Sources */ = {isa = PBXBuildFile; fileRef = A78B965D21D556390078D1C9 /* LocationRestrictedInfoViewController.swift */; };
		A78B966021D55BAE0078D1C9 /* StyleGuide.swift in Sources */ = {isa = PBXBuildFile; fileRef = A78B965F21D55BAE0078D1C9 /* StyleGuide.swift */; };
		A78B966321D566FB0078D1C9 /* PromptView.swift in Sources */ = {isa = PBXBuildFile; fileRef = A78B966221D566FB0078D1C9 /* PromptView.swift */; };
		A78B966521D577650078D1C9 /* HeroButton.swift in Sources */ = {isa = PBXBuildFile; fileRef = A78B966421D577650078D1C9 /* HeroButton.swift */; };
/* End PBXBuildFile section */

/* Begin PBXContainerItemProxy section */
		A78B962421D5233E0078D1C9 /* PBXContainerItemProxy */ = {
			isa = PBXContainerItemProxy;
			containerPortal = A78B960721D5233D0078D1C9 /* Project object */;
			proxyType = 1;
			remoteGlobalIDString = A78B960E21D5233D0078D1C9;
			remoteInfo = Territorial;
		};
		A78B962F21D5233E0078D1C9 /* PBXContainerItemProxy */ = {
			isa = PBXContainerItemProxy;
			containerPortal = A78B960721D5233D0078D1C9 /* Project object */;
			proxyType = 1;
			remoteGlobalIDString = A78B960E21D5233D0078D1C9;
			remoteInfo = Territorial;
		};
/* End PBXContainerItemProxy section */

/* Begin PBXFileReference section */
		A78B960F21D5233D0078D1C9 /* Territorial.app */ = {isa = PBXFileReference; explicitFileType = wrapper.application; includeInIndex = 0; path = Territorial.app; sourceTree = BUILT_PRODUCTS_DIR; };
		A78B961221D5233D0078D1C9 /* AppDelegate.swift */ = {isa = PBXFileReference; lastKnownFileType = sourcecode.swift; path = AppDelegate.swift; sourceTree = "<group>"; };
		A78B961921D5233E0078D1C9 /* Assets.xcassets */ = {isa = PBXFileReference; lastKnownFileType = folder.assetcatalog; path = Assets.xcassets; sourceTree = "<group>"; };
		A78B961C21D5233E0078D1C9 /* Base */ = {isa = PBXFileReference; lastKnownFileType = file.storyboard; name = Base; path = Base.lproj/LaunchScreen.storyboard; sourceTree = "<group>"; };
		A78B961E21D5233E0078D1C9 /* Info.plist */ = {isa = PBXFileReference; lastKnownFileType = text.plist.xml; path = Info.plist; sourceTree = "<group>"; };
		A78B962321D5233E0078D1C9 /* TerritorialTests.xctest */ = {isa = PBXFileReference; explicitFileType = wrapper.cfbundle; includeInIndex = 0; path = TerritorialTests.xctest; sourceTree = BUILT_PRODUCTS_DIR; };
		A78B962921D5233E0078D1C9 /* Info.plist */ = {isa = PBXFileReference; lastKnownFileType = text.plist.xml; path = Info.plist; sourceTree = "<group>"; };
		A78B962E21D5233E0078D1C9 /* TerritorialUITests.xctest */ = {isa = PBXFileReference; explicitFileType = wrapper.cfbundle; includeInIndex = 0; path = TerritorialUITests.xctest; sourceTree = BUILT_PRODUCTS_DIR; };
		A78B963221D5233E0078D1C9 /* TerritorialUITests.swift */ = {isa = PBXFileReference; lastKnownFileType = sourcecode.swift; path = TerritorialUITests.swift; sourceTree = "<group>"; };
		A78B963421D5233E0078D1C9 /* Info.plist */ = {isa = PBXFileReference; lastKnownFileType = text.plist.xml; path = Info.plist; sourceTree = "<group>"; };
		A78B964621D5352D0078D1C9 /* CoordinatorViewController.swift */ = {isa = PBXFileReference; lastKnownFileType = sourcecode.swift; path = CoordinatorViewController.swift; sourceTree = "<group>"; };
		A78B964A21D537530078D1C9 /* GeofenceManager.swift */ = {isa = PBXFileReference; lastKnownFileType = sourcecode.swift; path = GeofenceManager.swift; sourceTree = "<group>"; };
		A78B964D21D538870078D1C9 /* CoreLocationGeofenceManager.swift */ = {isa = PBXFileReference; lastKnownFileType = sourcecode.swift; path = CoreLocationGeofenceManager.swift; sourceTree = "<group>"; };
		A78B964F21D53DCB0078D1C9 /* LocationAuthorizationRequestViewController.swift */ = {isa = PBXFileReference; lastKnownFileType = sourcecode.swift; path = LocationAuthorizationRequestViewController.swift; sourceTree = "<group>"; };
		A78B965721D53F180078D1C9 /* TrackGeofenceViewController.swift */ = {isa = PBXFileReference; lastKnownFileType = sourcecode.swift; path = TrackGeofenceViewController.swift; sourceTree = "<group>"; };
		A78B965921D553920078D1C9 /* CoordinatorTests.swift */ = {isa = PBXFileReference; lastKnownFileType = sourcecode.swift; path = CoordinatorTests.swift; sourceTree = "<group>"; };
		A78B965B21D553CA0078D1C9 /* MockGeofenceManager.swift */ = {isa = PBXFileReference; lastKnownFileType = sourcecode.swift; path = MockGeofenceManager.swift; sourceTree = "<group>"; };
		A78B965D21D556390078D1C9 /* LocationRestrictedInfoViewController.swift */ = {isa = PBXFileReference; fileEncoding = 4; lastKnownFileType = sourcecode.swift; path = LocationRestrictedInfoViewController.swift; sourceTree = "<group>"; };
		A78B965F21D55BAE0078D1C9 /* StyleGuide.swift */ = {isa = PBXFileReference; lastKnownFileType = sourcecode.swift; path = StyleGuide.swift; sourceTree = "<group>"; };
		A78B966221D566FB0078D1C9 /* PromptView.swift */ = {isa = PBXFileReference; lastKnownFileType = sourcecode.swift; path = PromptView.swift; sourceTree = "<group>"; };
		A78B966421D577650078D1C9 /* HeroButton.swift */ = {isa = PBXFileReference; lastKnownFileType = sourcecode.swift; path = HeroButton.swift; sourceTree = "<group>"; };
/* End PBXFileReference section */

/* Begin PBXFrameworksBuildPhase section */
		A78B960C21D5233D0078D1C9 /* Frameworks */ = {
			isa = PBXFrameworksBuildPhase;
			buildActionMask = 2147483647;
			files = (
			);
			runOnlyForDeploymentPostprocessing = 0;
		};
		A78B962021D5233E0078D1C9 /* Frameworks */ = {
			isa = PBXFrameworksBuildPhase;
			buildActionMask = 2147483647;
			files = (
			);
			runOnlyForDeploymentPostprocessing = 0;
		};
		A78B962B21D5233E0078D1C9 /* Frameworks */ = {
			isa = PBXFrameworksBuildPhase;
			buildActionMask = 2147483647;
			files = (
			);
			runOnlyForDeploymentPostprocessing = 0;
		};
/* End PBXFrameworksBuildPhase section */

/* Begin PBXGroup section */
		A78B960621D5233D0078D1C9 = {
			isa = PBXGroup;
			children = (
				A78B961121D5233D0078D1C9 /* Territorial */,
				A78B962621D5233E0078D1C9 /* TerritorialTests */,
				A78B963121D5233E0078D1C9 /* TerritorialUITests */,
				A78B961021D5233D0078D1C9 /* Products */,
			);
			sourceTree = "<group>";
		};
		A78B961021D5233D0078D1C9 /* Products */ = {
			isa = PBXGroup;
			children = (
				A78B960F21D5233D0078D1C9 /* Territorial.app */,
				A78B962321D5233E0078D1C9 /* TerritorialTests.xctest */,
				A78B962E21D5233E0078D1C9 /* TerritorialUITests.xctest */,
			);
			name = Products;
			sourceTree = "<group>";
		};
		A78B961121D5233D0078D1C9 /* Territorial */ = {
			isa = PBXGroup;
			children = (
				A78B966121D566EC0078D1C9 /* Views */,
				A78B961221D5233D0078D1C9 /* AppDelegate.swift */,
				A78B961921D5233E0078D1C9 /* Assets.xcassets */,
				A78B964621D5352D0078D1C9 /* CoordinatorViewController.swift */,
				A78B961E21D5233E0078D1C9 /* Info.plist */,
				A78B961B21D5233E0078D1C9 /* LaunchScreen.storyboard */,
				A78B964C21D538510078D1C9 /* Location */,
				A78B964F21D53DCB0078D1C9 /* LocationAuthorizationRequestViewController.swift */,
				A78B965D21D556390078D1C9 /* LocationRestrictedInfoViewController.swift */,
				A78B965721D53F180078D1C9 /* TrackGeofenceViewController.swift */,
				A78B965F21D55BAE0078D1C9 /* StyleGuide.swift */,
			);
			path = Territorial;
			sourceTree = "<group>";
		};
		A78B962621D5233E0078D1C9 /* TerritorialTests */ = {
			isa = PBXGroup;
			children = (
				A78B962921D5233E0078D1C9 /* Info.plist */,
				A78B965921D553920078D1C9 /* CoordinatorTests.swift */,
				A78B965B21D553CA0078D1C9 /* MockGeofenceManager.swift */,
			);
			path = TerritorialTests;
			sourceTree = "<group>";
		};
		A78B963121D5233E0078D1C9 /* TerritorialUITests */ = {
			isa = PBXGroup;
			children = (
				A78B963221D5233E0078D1C9 /* TerritorialUITests.swift */,
				A78B963421D5233E0078D1C9 /* Info.plist */,
			);
			path = TerritorialUITests;
			sourceTree = "<group>";
		};
		A78B964C21D538510078D1C9 /* Location */ = {
			isa = PBXGroup;
			children = (
				A78B964A21D537530078D1C9 /* GeofenceManager.swift */,
				A78B964D21D538870078D1C9 /* CoreLocationGeofenceManager.swift */,
			);
			path = Location;
			sourceTree = "<group>";
		};
		A78B966121D566EC0078D1C9 /* Views */ = {
			isa = PBXGroup;
			children = (
				A78B966221D566FB0078D1C9 /* PromptView.swift */,
				A78B966421D577650078D1C9 /* HeroButton.swift */,
			);
			path = Views;
			sourceTree = "<group>";
		};
/* End PBXGroup section */

/* Begin PBXNativeTarget section */
		A78B960E21D5233D0078D1C9 /* Territorial */ = {
			isa = PBXNativeTarget;
			buildConfigurationList = A78B963721D5233E0078D1C9 /* Build configuration list for PBXNativeTarget "Territorial" */;
			buildPhases = (
				A78B960B21D5233D0078D1C9 /* Sources */,
				A78B960C21D5233D0078D1C9 /* Frameworks */,
				A78B960D21D5233D0078D1C9 /* Resources */,
			);
			buildRules = (
			);
			dependencies = (
			);
			name = Territorial;
			productName = Territorial;
			productReference = A78B960F21D5233D0078D1C9 /* Territorial.app */;
			productType = "com.apple.product-type.application";
		};
		A78B962221D5233E0078D1C9 /* TerritorialTests */ = {
			isa = PBXNativeTarget;
			buildConfigurationList = A78B963A21D5233E0078D1C9 /* Build configuration list for PBXNativeTarget "TerritorialTests" */;
			buildPhases = (
				A78B961F21D5233E0078D1C9 /* Sources */,
				A78B962021D5233E0078D1C9 /* Frameworks */,
				A78B962121D5233E0078D1C9 /* Resources */,
			);
			buildRules = (
			);
			dependencies = (
				A78B962521D5233E0078D1C9 /* PBXTargetDependency */,
			);
			name = TerritorialTests;
			productName = TerritorialTests;
			productReference = A78B962321D5233E0078D1C9 /* TerritorialTests.xctest */;
			productType = "com.apple.product-type.bundle.unit-test";
		};
		A78B962D21D5233E0078D1C9 /* TerritorialUITests */ = {
			isa = PBXNativeTarget;
			buildConfigurationList = A78B963D21D5233E0078D1C9 /* Build configuration list for PBXNativeTarget "TerritorialUITests" */;
			buildPhases = (
				A78B962A21D5233E0078D1C9 /* Sources */,
				A78B962B21D5233E0078D1C9 /* Frameworks */,
				A78B962C21D5233E0078D1C9 /* Resources */,
			);
			buildRules = (
			);
			dependencies = (
				A78B963021D5233E0078D1C9 /* PBXTargetDependency */,
			);
			name = TerritorialUITests;
			productName = TerritorialUITests;
			productReference = A78B962E21D5233E0078D1C9 /* TerritorialUITests.xctest */;
			productType = "com.apple.product-type.bundle.ui-testing";
		};
/* End PBXNativeTarget section */

/* Begin PBXProject section */
		A78B960721D5233D0078D1C9 /* Project object */ = {
			isa = PBXProject;
			attributes = {
				LastSwiftUpdateCheck = 1010;
				LastUpgradeCheck = 1010;
				ORGANIZATIONNAME = Slate;
				TargetAttributes = {
					A78B960E21D5233D0078D1C9 = {
						CreatedOnToolsVersion = 10.1;
					};
					A78B962221D5233E0078D1C9 = {
						CreatedOnToolsVersion = 10.1;
						TestTargetID = A78B960E21D5233D0078D1C9;
					};
					A78B962D21D5233E0078D1C9 = {
						CreatedOnToolsVersion = 10.1;
						TestTargetID = A78B960E21D5233D0078D1C9;
					};
				};
			};
			buildConfigurationList = A78B960A21D5233D0078D1C9 /* Build configuration list for PBXProject "Territorial" */;
			compatibilityVersion = "Xcode 9.3";
			developmentRegion = en;
			hasScannedForEncodings = 0;
			knownRegions = (
				en,
				Base,
			);
			mainGroup = A78B960621D5233D0078D1C9;
			productRefGroup = A78B961021D5233D0078D1C9 /* Products */;
			projectDirPath = "";
			projectRoot = "";
			targets = (
				A78B960E21D5233D0078D1C9 /* Territorial */,
				A78B962221D5233E0078D1C9 /* TerritorialTests */,
				A78B962D21D5233E0078D1C9 /* TerritorialUITests */,
			);
		};
/* End PBXProject section */

/* Begin PBXResourcesBuildPhase section */
		A78B960D21D5233D0078D1C9 /* Resources */ = {
			isa = PBXResourcesBuildPhase;
			buildActionMask = 2147483647;
			files = (
				A78B961D21D5233E0078D1C9 /* LaunchScreen.storyboard in Resources */,
				A78B961A21D5233E0078D1C9 /* Assets.xcassets in Resources */,
			);
			runOnlyForDeploymentPostprocessing = 0;
		};
		A78B962121D5233E0078D1C9 /* Resources */ = {
			isa = PBXResourcesBuildPhase;
			buildActionMask = 2147483647;
			files = (
			);
			runOnlyForDeploymentPostprocessing = 0;
		};
		A78B962C21D5233E0078D1C9 /* Resources */ = {
			isa = PBXResourcesBuildPhase;
			buildActionMask = 2147483647;
			files = (
			);
			runOnlyForDeploymentPostprocessing = 0;
		};
/* End PBXResourcesBuildPhase section */

/* Begin PBXSourcesBuildPhase section */
		A78B960B21D5233D0078D1C9 /* Sources */ = {
			isa = PBXSourcesBuildPhase;
			buildActionMask = 2147483647;
			files = (
				A78B964821D5352D0078D1C9 /* CoordinatorViewController.swift in Sources */,
				A78B965E21D556390078D1C9 /* LocationRestrictedInfoViewController.swift in Sources */,
				A78B961321D5233D0078D1C9 /* AppDelegate.swift in Sources */,
				A78B966521D577650078D1C9 /* HeroButton.swift in Sources */,
				A78B964B21D537530078D1C9 /* GeofenceManager.swift in Sources */,
				A78B966321D566FB0078D1C9 /* PromptView.swift in Sources */,
				A78B964E21D538870078D1C9 /* CoreLocationGeofenceManager.swift in Sources */,
				A78B965121D53DCB0078D1C9 /* LocationAuthorizationRequestViewController.swift in Sources */,
				A78B966021D55BAE0078D1C9 /* StyleGuide.swift in Sources */,
				A78B965821D53F180078D1C9 /* TrackGeofenceViewController.swift in Sources */,
			);
			runOnlyForDeploymentPostprocessing = 0;
		};
		A78B961F21D5233E0078D1C9 /* Sources */ = {
			isa = PBXSourcesBuildPhase;
			buildActionMask = 2147483647;
			files = (
				A78B965A21D553920078D1C9 /* CoordinatorTests.swift in Sources */,
				A78B965C21D553CA0078D1C9 /* MockGeofenceManager.swift in Sources */,
			);
			runOnlyForDeploymentPostprocessing = 0;
		};
		A78B962A21D5233E0078D1C9 /* Sources */ = {
			isa = PBXSourcesBuildPhase;
			buildActionMask = 2147483647;
			files = (
				A78B963321D5233E0078D1C9 /* TerritorialUITests.swift in Sources */,
			);
			runOnlyForDeploymentPostprocessing = 0;
		};
/* End PBXSourcesBuildPhase section */

/* Begin PBXTargetDependency section */
		A78B962521D5233E0078D1C9 /* PBXTargetDependency */ = {
			isa = PBXTargetDependency;
			target = A78B960E21D5233D0078D1C9 /* Territorial */;
			targetProxy = A78B962421D5233E0078D1C9 /* PBXContainerItemProxy */;
		};
		A78B963021D5233E0078D1C9 /* PBXTargetDependency */ = {
			isa = PBXTargetDependency;
			target = A78B960E21D5233D0078D1C9 /* Territorial */;
			targetProxy = A78B962F21D5233E0078D1C9 /* PBXContainerItemProxy */;
		};
/* End PBXTargetDependency section */

/* Begin PBXVariantGroup section */
		A78B961B21D5233E0078D1C9 /* LaunchScreen.storyboard */ = {
			isa = PBXVariantGroup;
			children = (
				A78B961C21D5233E0078D1C9 /* Base */,
			);
			name = LaunchScreen.storyboard;
			sourceTree = "<group>";
		};
/* End PBXVariantGroup section */

/* Begin XCBuildConfiguration section */
		A78B963521D5233E0078D1C9 /* Debug */ = {
			isa = XCBuildConfiguration;
			buildSettings = {
				ALWAYS_SEARCH_USER_PATHS = NO;
				CLANG_ANALYZER_NONNULL = YES;
				CLANG_ANALYZER_NUMBER_OBJECT_CONVERSION = YES_AGGRESSIVE;
				CLANG_CXX_LANGUAGE_STANDARD = "gnu++14";
				CLANG_CXX_LIBRARY = "libc++";
				CLANG_ENABLE_MODULES = YES;
				CLANG_ENABLE_OBJC_ARC = YES;
				CLANG_ENABLE_OBJC_WEAK = YES;
				CLANG_WARN_BLOCK_CAPTURE_AUTORELEASING = YES;
				CLANG_WARN_BOOL_CONVERSION = YES;
				CLANG_WARN_COMMA = YES;
				CLANG_WARN_CONSTANT_CONVERSION = YES;
				CLANG_WARN_DEPRECATED_OBJC_IMPLEMENTATIONS = YES;
				CLANG_WARN_DIRECT_OBJC_ISA_USAGE = YES_ERROR;
				CLANG_WARN_DOCUMENTATION_COMMENTS = YES;
				CLANG_WARN_EMPTY_BODY = YES;
				CLANG_WARN_ENUM_CONVERSION = YES;
				CLANG_WARN_INFINITE_RECURSION = YES;
				CLANG_WARN_INT_CONVERSION = YES;
				CLANG_WARN_NON_LITERAL_NULL_CONVERSION = YES;
				CLANG_WARN_OBJC_IMPLICIT_RETAIN_SELF = YES;
				CLANG_WARN_OBJC_LITERAL_CONVERSION = YES;
				CLANG_WARN_OBJC_ROOT_CLASS = YES_ERROR;
				CLANG_WARN_RANGE_LOOP_ANALYSIS = YES;
				CLANG_WARN_STRICT_PROTOTYPES = YES;
				CLANG_WARN_SUSPICIOUS_MOVE = YES;
				CLANG_WARN_UNGUARDED_AVAILABILITY = YES_AGGRESSIVE;
				CLANG_WARN_UNREACHABLE_CODE = YES;
				CLANG_WARN__DUPLICATE_METHOD_MATCH = YES;
				CODE_SIGN_IDENTITY = "iPhone Developer";
				COPY_PHASE_STRIP = NO;
				DEBUG_INFORMATION_FORMAT = dwarf;
				ENABLE_STRICT_OBJC_MSGSEND = YES;
				ENABLE_TESTABILITY = YES;
				GCC_C_LANGUAGE_STANDARD = gnu11;
				GCC_DYNAMIC_NO_PIC = NO;
				GCC_NO_COMMON_BLOCKS = YES;
				GCC_OPTIMIZATION_LEVEL = 0;
				GCC_PREPROCESSOR_DEFINITIONS = (
					"DEBUG=1",
					"$(inherited)",
				);
				GCC_WARN_64_TO_32_BIT_CONVERSION = YES;
				GCC_WARN_ABOUT_RETURN_TYPE = YES_ERROR;
				GCC_WARN_UNDECLARED_SELECTOR = YES;
				GCC_WARN_UNINITIALIZED_AUTOS = YES_AGGRESSIVE;
				GCC_WARN_UNUSED_FUNCTION = YES;
				GCC_WARN_UNUSED_VARIABLE = YES;
				IPHONEOS_DEPLOYMENT_TARGET = 12.1;
				MTL_ENABLE_DEBUG_INFO = INCLUDE_SOURCE;
				MTL_FAST_MATH = YES;
				ONLY_ACTIVE_ARCH = YES;
				SDKROOT = iphoneos;
				SWIFT_ACTIVE_COMPILATION_CONDITIONS = DEBUG;
				SWIFT_OPTIMIZATION_LEVEL = "-Onone";
			};
			name = Debug;
		};
		A78B963621D5233E0078D1C9 /* Release */ = {
			isa = XCBuildConfiguration;
			buildSettings = {
				ALWAYS_SEARCH_USER_PATHS = NO;
				CLANG_ANALYZER_NONNULL = YES;
				CLANG_ANALYZER_NUMBER_OBJECT_CONVERSION = YES_AGGRESSIVE;
				CLANG_CXX_LANGUAGE_STANDARD = "gnu++14";
				CLANG_CXX_LIBRARY = "libc++";
				CLANG_ENABLE_MODULES = YES;
				CLANG_ENABLE_OBJC_ARC = YES;
				CLANG_ENABLE_OBJC_WEAK = YES;
				CLANG_WARN_BLOCK_CAPTURE_AUTORELEASING = YES;
				CLANG_WARN_BOOL_CONVERSION = YES;
				CLANG_WARN_COMMA = YES;
				CLANG_WARN_CONSTANT_CONVERSION = YES;
				CLANG_WARN_DEPRECATED_OBJC_IMPLEMENTATIONS = YES;
				CLANG_WARN_DIRECT_OBJC_ISA_USAGE = YES_ERROR;
				CLANG_WARN_DOCUMENTATION_COMMENTS = YES;
				CLANG_WARN_EMPTY_BODY = YES;
				CLANG_WARN_ENUM_CONVERSION = YES;
				CLANG_WARN_INFINITE_RECURSION = YES;
				CLANG_WARN_INT_CONVERSION = YES;
				CLANG_WARN_NON_LITERAL_NULL_CONVERSION = YES;
				CLANG_WARN_OBJC_IMPLICIT_RETAIN_SELF = YES;
				CLANG_WARN_OBJC_LITERAL_CONVERSION = YES;
				CLANG_WARN_OBJC_ROOT_CLASS = YES_ERROR;
				CLANG_WARN_RANGE_LOOP_ANALYSIS = YES;
				CLANG_WARN_STRICT_PROTOTYPES = YES;
				CLANG_WARN_SUSPICIOUS_MOVE = YES;
				CLANG_WARN_UNGUARDED_AVAILABILITY = YES_AGGRESSIVE;
				CLANG_WARN_UNREACHABLE_CODE = YES;
				CLANG_WARN__DUPLICATE_METHOD_MATCH = YES;
				CODE_SIGN_IDENTITY = "iPhone Developer";
				COPY_PHASE_STRIP = NO;
				DEBUG_INFORMATION_FORMAT = "dwarf-with-dsym";
				ENABLE_NS_ASSERTIONS = NO;
				ENABLE_STRICT_OBJC_MSGSEND = YES;
				GCC_C_LANGUAGE_STANDARD = gnu11;
				GCC_NO_COMMON_BLOCKS = YES;
				GCC_WARN_64_TO_32_BIT_CONVERSION = YES;
				GCC_WARN_ABOUT_RETURN_TYPE = YES_ERROR;
				GCC_WARN_UNDECLARED_SELECTOR = YES;
				GCC_WARN_UNINITIALIZED_AUTOS = YES_AGGRESSIVE;
				GCC_WARN_UNUSED_FUNCTION = YES;
				GCC_WARN_UNUSED_VARIABLE = YES;
				IPHONEOS_DEPLOYMENT_TARGET = 12.1;
				MTL_ENABLE_DEBUG_INFO = NO;
				MTL_FAST_MATH = YES;
				SDKROOT = iphoneos;
				SWIFT_COMPILATION_MODE = wholemodule;
				SWIFT_OPTIMIZATION_LEVEL = "-O";
				VALIDATE_PRODUCT = YES;
			};
			name = Release;
		};
		A78B963821D5233E0078D1C9 /* Debug */ = {
			isa = XCBuildConfiguration;
			buildSettings = {
				ASSETCATALOG_COMPILER_APPICON_NAME = AppIcon;
				CODE_SIGN_STYLE = Automatic;
				DEVELOPMENT_TEAM = DR6V5VNL3G;
				INFOPLIST_FILE = Territorial/Info.plist;
				IPHONEOS_DEPLOYMENT_TARGET = 11.0;
				LD_RUNPATH_SEARCH_PATHS = (
					"$(inherited)",
					"@executable_path/Frameworks",
				);
				PRODUCT_BUNDLE_IDENTIFIER = com.zrslv.Territorial;
				PRODUCT_NAME = "$(TARGET_NAME)";
				SWIFT_VERSION = 4.2;
				TARGETED_DEVICE_FAMILY = "1,2";
			};
			name = Debug;
		};
		A78B963921D5233E0078D1C9 /* Release */ = {
			isa = XCBuildConfiguration;
			buildSettings = {
				ASSETCATALOG_COMPILER_APPICON_NAME = AppIcon;
				CODE_SIGN_STYLE = Automatic;
				DEVELOPMENT_TEAM = DR6V5VNL3G;
				INFOPLIST_FILE = Territorial/Info.plist;
				IPHONEOS_DEPLOYMENT_TARGET = 11.0;
				LD_RUNPATH_SEARCH_PATHS = (
					"$(inherited)",
					"@executable_path/Frameworks",
				);
				PRODUCT_BUNDLE_IDENTIFIER = com.zrslv.Territorial;
				PRODUCT_NAME = "$(TARGET_NAME)";
				SWIFT_VERSION = 4.2;
				TARGETED_DEVICE_FAMILY = "1,2";
			};
			name = Release;
		};
		A78B963B21D5233E0078D1C9 /* Debug */ = {
			isa = XCBuildConfiguration;
			buildSettings = {
				ALWAYS_EMBED_SWIFT_STANDARD_LIBRARIES = YES;
				BUNDLE_LOADER = "$(TEST_HOST)";
				CODE_SIGN_STYLE = Automatic;
				DEVELOPMENT_TEAM = DR6V5VNL3G;
				INFOPLIST_FILE = TerritorialTests/Info.plist;
				LD_RUNPATH_SEARCH_PATHS = (
					"$(inherited)",
					"@executable_path/Frameworks",
					"@loader_path/Frameworks",
				);
				PRODUCT_BUNDLE_IDENTIFIER = com.zrslv.TerritorialTests;
				PRODUCT_NAME = "$(TARGET_NAME)";
				SWIFT_VERSION = 4.2;
				TARGETED_DEVICE_FAMILY = "1,2";
				TEST_HOST = "$(BUILT_PRODUCTS_DIR)/Territorial.app/Territorial";
			};
			name = Debug;
		};
		A78B963C21D5233E0078D1C9 /* Release */ = {
			isa = XCBuildConfiguration;
			buildSettings = {
				ALWAYS_EMBED_SWIFT_STANDARD_LIBRARIES = YES;
				BUNDLE_LOADER = "$(TEST_HOST)";
				CODE_SIGN_STYLE = Automatic;
				DEVELOPMENT_TEAM = DR6V5VNL3G;
				INFOPLIST_FILE = TerritorialTests/Info.plist;
				LD_RUNPATH_SEARCH_PATHS = (
					"$(inherited)",
					"@executable_path/Frameworks",
					"@loader_path/Frameworks",
				);
				PRODUCT_BUNDLE_IDENTIFIER = com.zrslv.TerritorialTests;
				PRODUCT_NAME = "$(TARGET_NAME)";
				SWIFT_VERSION = 4.2;
				TARGETED_DEVICE_FAMILY = "1,2";
				TEST_HOST = "$(BUILT_PRODUCTS_DIR)/Territorial.app/Territorial";
			};
			name = Release;
		};
		A78B963E21D5233E0078D1C9 /* Debug */ = {
			isa = XCBuildConfiguration;
			buildSettings = {
				ALWAYS_EMBED_SWIFT_STANDARD_LIBRARIES = YES;
				CODE_SIGN_STYLE = Automatic;
				DEVELOPMENT_TEAM = DR6V5VNL3G;
				INFOPLIST_FILE = TerritorialUITests/Info.plist;
				LD_RUNPATH_SEARCH_PATHS = (
					"$(inherited)",
					"@executable_path/Frameworks",
					"@loader_path/Frameworks",
				);
				PRODUCT_BUNDLE_IDENTIFIER = com.zrslv.TerritorialUITests;
				PRODUCT_NAME = "$(TARGET_NAME)";
				SWIFT_VERSION = 4.2;
				TARGETED_DEVICE_FAMILY = "1,2";
				TEST_TARGET_NAME = Territorial;
			};
			name = Debug;
		};
		A78B963F21D5233E0078D1C9 /* Release */ = {
			isa = XCBuildConfiguration;
			buildSettings = {
				ALWAYS_EMBED_SWIFT_STANDARD_LIBRARIES = YES;
				CODE_SIGN_STYLE = Automatic;
				DEVELOPMENT_TEAM = DR6V5VNL3G;
				INFOPLIST_FILE = TerritorialUITests/Info.plist;
				LD_RUNPATH_SEARCH_PATHS = (
					"$(inherited)",
					"@executable_path/Frameworks",
					"@loader_path/Frameworks",
				);
				PRODUCT_BUNDLE_IDENTIFIER = com.zrslv.TerritorialUITests;
				PRODUCT_NAME = "$(TARGET_NAME)";
				SWIFT_VERSION = 4.2;
				TARGETED_DEVICE_FAMILY = "1,2";
				TEST_TARGET_NAME = Territorial;
			};
			name = Release;
		};
/* End XCBuildConfiguration section */

/* Begin XCConfigurationList section */
		A78B960A21D5233D0078D1C9 /* Build configuration list for PBXProject "Territorial" */ = {
			isa = XCConfigurationList;
			buildConfigurations = (
				A78B963521D5233E0078D1C9 /* Debug */,
				A78B963621D5233E0078D1C9 /* Release */,
			);
			defaultConfigurationIsVisible = 0;
			defaultConfigurationName = Release;
		};
		A78B963721D5233E0078D1C9 /* Build configuration list for PBXNativeTarget "Territorial" */ = {
			isa = XCConfigurationList;
			buildConfigurations = (
				A78B963821D5233E0078D1C9 /* Debug */,
				A78B963921D5233E0078D1C9 /* Release */,
			);
			defaultConfigurationIsVisible = 0;
			defaultConfigurationName = Release;
		};
		A78B963A21D5233E0078D1C9 /* Build configuration list for PBXNativeTarget "TerritorialTests" */ = {
			isa = XCConfigurationList;
			buildConfigurations = (
				A78B963B21D5233E0078D1C9 /* Debug */,
				A78B963C21D5233E0078D1C9 /* Release */,
			);
			defaultConfigurationIsVisible = 0;
			defaultConfigurationName = Release;
		};
		A78B963D21D5233E0078D1C9 /* Build configuration list for PBXNativeTarget "TerritorialUITests" */ = {
			isa = XCConfigurationList;
			buildConfigurations = (
				A78B963E21D5233E0078D1C9 /* Debug */,
				A78B963F21D5233E0078D1C9 /* Release */,
			);
			defaultConfigurationIsVisible = 0;
			defaultConfigurationName = Release;
		};
/* End XCConfigurationList section */
	};
	rootObject = A78B960721D5233D0078D1C9 /* Project object */;
}
